
Microsoft Visual Studio Solution File, Format Version 12.00
# Visual Studio Version 16
VisualStudioVersion = 16.0.29709.97
MinimumVisualStudioVersion = 10.0.40219.1
Project("{9A19103F-16F7-4668-BE54-9A1E7A4F7556}") = "UoW", "PoW\UoW.csproj", "{3F75B48D-F7F7-4869-A936-3F92D819FD7A}"
EndProject
Project("{9A19103F-16F7-4668-BE54-9A1E7A4F7556}") = "UoW.Models", "PoW.Models\UoW.Models.csproj", "{1E83ADA3-DE83-4958-B1E5-D55B6029A4DC}"
EndProject
Project("{9A19103F-16F7-4668-BE54-9A1E7A4F7556}") = "UoW.DL", "PoW.DL\UoW.DL.csproj", "{8F25F944-FD56-4CF1-8513-1C349A090FA0}"
EndProject
Project("{FAE04EC0-301F-11D3-BF4B-00C04F79EFBC}") = "UoW.BL", "UoW.BL\UoW.BL.csproj", "{280B4BFE-2520-4A56-961A-38546AA14AB6}"
EndProject
Global
	GlobalSection(SolutionConfigurationPlatforms) = preSolution
		Debug|Any CPU = Debug|Any CPU
		Release|Any CPU = Release|Any CPU
	EndGlobalSection
	GlobalSection(ProjectConfigurationPlatforms) = postSolution
		{3F75B48D-F7F7-4869-A936-3F92D819FD7A}.Debug|Any CPU.ActiveCfg = Debug|Any CPU
		{3F75B48D-F7F7-4869-A936-3F92D819FD7A}.Debug|Any CPU.Build.0 = Debug|Any CPU
		{3F75B48D-F7F7-4869-A936-3F92D819FD7A}.Release|Any CPU.ActiveCfg = Release|Any CPU
		{3F75B48D-F7F7-4869-A936-3F92D819FD7A}.Release|Any CPU.Build.0 = Release|Any CPU
		{1E83ADA3-DE83-4958-B1E5-D55B6029A4DC}.Debug|Any CPU.ActiveCfg = Debug|Any CPU
		{1E83ADA3-DE83-4958-B1E5-D55B6029A4DC}.Debug|Any CPU.Build.0 = Debug|Any CPU
		{1E83ADA3-DE83-4958-B1E5-D55B6029A4DC}.Release|Any CPU.ActiveCfg = Release|Any CPU
		{1E83ADA3-DE83-4958-B1E5-D55B6029A4DC}.Release|Any CPU.Build.0 = Release|Any CPU
		{8F25F944-FD56-4CF1-8513-1C349A090FA0}.Debug|Any CPU.ActiveCfg = Debug|Any CPU
		{8F25F944-FD56-4CF1-8513-1C349A090FA0}.Debug|Any CPU.Build.0 = Debug|Any CPU
		{8F25F944-FD56-4CF1-8513-1C349A090FA0}.Release|Any CPU.ActiveCfg = Release|Any CPU
		{8F25F944-FD56-4CF1-8513-1C349A090FA0}.Release|Any CPU.Build.0 = Release|Any CPU
		{280B4BFE-2520-4A56-961A-38546AA14AB6}.Debug|Any CPU.ActiveCfg = Debug|Any CPU
		{280B4BFE-2520-4A56-961A-38546AA14AB6}.Debug|Any CPU.Build.0 = Debug|Any CPU
		{280B4BFE-2520-4A56-961A-38546AA14AB6}.Release|Any CPU.ActiveCfg = Release|Any CPU
		{280B4BFE-2520-4A56-961A-38546AA14AB6}.Release|Any CPU.Build.0 = Release|Any CPU
	EndGlobalSection
	GlobalSection(SolutionProperties) = preSolution
		HideSolutionNode = FALSE
	EndGlobalSection
	GlobalSection(ExtensibilityGlobals) = postSolution
		SolutionGuid = {8D52C44A-CB53-4745-8707-9972DBC033FC}
	EndGlobalSection
EndGlobal
