
Microsoft Visual Studio Solution File, Format Version 12.00
# Visual Studio Version 16
VisualStudioVersion = 16.0.29709.97
MinimumVisualStudioVersion = 10.0.40219.1
Project("{9A19103F-16F7-4668-BE54-9A1E7A4F7556}") = "UoW", "UoW\UoW.csproj", "{E4C4421A-EBCA-44B8-986C-6C3422A5A75C}"
EndProject
Project("{9A19103F-16F7-4668-BE54-9A1E7A4F7556}") = "UoW.Models", "UoW.Models\UoW.Models.csproj", "{B61AFB2D-BBE0-4213-9534-4ECF353E3556}"
EndProject
Project("{FAE04EC0-301F-11D3-BF4B-00C04F79EFBC}") = "UoW.DAL", "UoW.DAL\UoW.DAL.csproj", "{F51A766B-0A7D-439D-BDC9-6CD195D5C480}"
EndProject
Global
	GlobalSection(SolutionConfigurationPlatforms) = preSolution
		Debug|Any CPU = Debug|Any CPU
		Release|Any CPU = Release|Any CPU
	EndGlobalSection
	GlobalSection(ProjectConfigurationPlatforms) = postSolution
		{E4C4421A-EBCA-44B8-986C-6C3422A5A75C}.Debug|Any CPU.ActiveCfg = Debug|Any CPU
		{E4C4421A-EBCA-44B8-986C-6C3422A5A75C}.Debug|Any CPU.Build.0 = Debug|Any CPU
		{E4C4421A-EBCA-44B8-986C-6C3422A5A75C}.Release|Any CPU.ActiveCfg = Release|Any CPU
		{E4C4421A-EBCA-44B8-986C-6C3422A5A75C}.Release|Any CPU.Build.0 = Release|Any CPU
		{B61AFB2D-BBE0-4213-9534-4ECF353E3556}.Debug|Any CPU.ActiveCfg = Debug|Any CPU
		{B61AFB2D-BBE0-4213-9534-4ECF353E3556}.Debug|Any CPU.Build.0 = Debug|Any CPU
		{B61AFB2D-BBE0-4213-9534-4ECF353E3556}.Release|Any CPU.ActiveCfg = Release|Any CPU
		{B61AFB2D-BBE0-4213-9534-4ECF353E3556}.Release|Any CPU.Build.0 = Release|Any CPU
		{F51A766B-0A7D-439D-BDC9-6CD195D5C480}.Debug|Any CPU.ActiveCfg = Debug|Any CPU
		{F51A766B-0A7D-439D-BDC9-6CD195D5C480}.Debug|Any CPU.Build.0 = Debug|Any CPU
		{F51A766B-0A7D-439D-BDC9-6CD195D5C480}.Release|Any CPU.ActiveCfg = Release|Any CPU
		{F51A766B-0A7D-439D-BDC9-6CD195D5C480}.Release|Any CPU.Build.0 = Release|Any CPU
	EndGlobalSection
	GlobalSection(SolutionProperties) = preSolution
		HideSolutionNode = FALSE
	EndGlobalSection
	GlobalSection(ExtensibilityGlobals) = postSolution
		SolutionGuid = {8D52C44A-CB53-4745-8707-9972DBC033FC}
	EndGlobalSection
EndGlobal
